
Microsoft Visual Studio Solution File, Format Version 12.00
# Visual Studio 15
VisualStudioVersion = 15.0.27428.2005
MinimumVisualStudioVersion = 10.0.40219.1
Project("{FAE04EC0-301F-11D3-BF4B-00C04F79EFBC}") = "Trigger", "Trigger\Trigger.csproj", "{1673DACF-1753-44E6-8C84-39164D8D9A46}"
EndProject
Global
	GlobalSection(SolutionConfigurationPlatforms) = preSolution
		Debug|Any CPU = Debug|Any CPU
		Release|Any CPU = Release|Any CPU
	EndGlobalSection
	GlobalSection(ProjectConfigurationPlatforms) = postSolution
		{1673DACF-1753-44E6-8C84-39164D8D9A46}.Debug|Any CPU.ActiveCfg = Debug|Any CPU
		{1673DACF-1753-44E6-8C84-39164D8D9A46}.Debug|Any CPU.Build.0 = Debug|Any CPU
		{1673DACF-1753-44E6-8C84-39164D8D9A46}.Release|Any CPU.ActiveCfg = Release|Any CPU
		{1673DACF-1753-44E6-8C84-39164D8D9A46}.Release|Any CPU.Build.0 = Release|Any CPU
	EndGlobalSection
	GlobalSection(SolutionProperties) = preSolution
		HideSolutionNode = FALSE
	EndGlobalSection
	GlobalSection(ExtensibilityGlobals) = postSolution
		SolutionGuid = {24739F98-7426-46E7-ADAA-91F8EA2A85B9}
	EndGlobalSection
EndGlobal
